
Microsoft Visual Studio Solution File, Format Version 12.00
# Visual Studio Version 16
VisualStudioVersion = 16.0.31410.357
MinimumVisualStudioVersion = 10.0.40219.1
Project("{FAE04EC0-301F-11D3-BF4B-00C04F79EFBC}") = "HashTable", "HashTable\HashTable.csproj", "{C83B5519-D7DB-4BFD-85BC-22B370362FFC}"
EndProject
Global
	GlobalSection(SolutionConfigurationPlatforms) = preSolution
		Debug|Any CPU = Debug|Any CPU
		Release|Any CPU = Release|Any CPU
	EndGlobalSection
	GlobalSection(ProjectConfigurationPlatforms) = postSolution
		{C83B5519-D7DB-4BFD-85BC-22B370362FFC}.Debug|Any CPU.ActiveCfg = Debug|Any CPU
		{C83B5519-D7DB-4BFD-85BC-22B370362FFC}.Debug|Any CPU.Build.0 = Debug|Any CPU
		{C83B5519-D7DB-4BFD-85BC-22B370362FFC}.Release|Any CPU.ActiveCfg = Release|Any CPU
		{C83B5519-D7DB-4BFD-85BC-22B370362FFC}.Release|Any CPU.Build.0 = Release|Any CPU
	EndGlobalSection
	GlobalSection(SolutionProperties) = preSolution
		HideSolutionNode = FALSE
	EndGlobalSection
	GlobalSection(ExtensibilityGlobals) = postSolution
		SolutionGuid = {D12C66FF-B772-4BB2-A996-7E5FF3391CAB}
	EndGlobalSection
EndGlobal
